// !$*UTF8*$!
{
	archiveVersion = 1;
	classes = {
	};
	objectVersion = 77;
	objects = {

/* Begin PBXBuildFile section */
		AA00000000000000000010 /* HermesLiveActivity.appex in Embed Foundation Extensions */ = {isa = PBXBuildFile; fileRef = AA00000000000000000021 /* HermesLiveActivity.appex */; settings = {ATTRIBUTES = (RemoveHeadersOnCopy, ); }; };
		AA000000000000000000C3 /* VoryCore in Frameworks */ = {isa = PBXBuildFile; productRef = AA000000000000000000C1 /* VoryCore */; };
		AA000000000000000000C4 /* VoryCore in Frameworks */ = {isa = PBXBuildFile; productRef = AA000000000000000000C2 /* VoryCore */; };
		AA000000000000000000D0 /* VoryWatch.app in Embed Watch Content */ = {isa = PBXBuildFile; fileRef = AA000000000000000000D1 /* VoryWatch.app */; settings = {ATTRIBUTES = (RemoveHeadersOnCopy, ); }; };
		AA000000000000000000D2 /* VoryWatchComplications.appex in Embed Foundation Extensions */ = {isa = PBXBuildFile; fileRef = AA000000000000000000D3 /* VoryWatchComplications.appex */; settings = {ATTRIBUTES = (RemoveHeadersOnCopy, ); }; };
		AA000000000000000000D4 /* VoryCore in Frameworks */ = {isa = PBXBuildFile; productRef = AA000000000000000000D5 /* VoryCore */; };
		AA000000000000000000D6 /* VoryCore in Frameworks */ = {isa = PBXBuildFile; productRef = AA000000000000000000D7 /* VoryCore */; };
		AA000000000000000000D8 /* VoryCore in Frameworks */ = {isa = PBXBuildFile; productRef = AA000000000000000000D9 /* VoryCore */; };
		AA00000000000000000100 /* VoryNotificationService.appex in Embed Foundation Extensions */ = {isa = PBXBuildFile; fileRef = AA00000000000000000101 /* VoryNotificationService.appex */; settings = {ATTRIBUTES = (RemoveHeadersOnCopy, ); }; };
		AA00000000000000000102 /* VoryCore in Frameworks */ = {isa = PBXBuildFile; productRef = AA00000000000000000103 /* VoryCore */; };
		AA00000000000000000120 /* VoryNotificationContent.appex in Embed Foundation Extensions */ = {isa = PBXBuildFile; fileRef = AA00000000000000000121 /* VoryNotificationContent.appex */; settings = {ATTRIBUTES = (RemoveHeadersOnCopy, ); }; };
		AA0000000000000000012E /* VoryCore in Frameworks */ = {isa = PBXBuildFile; productRef = AA00000000000000000129 /* VoryCore */; };
		AA00000000000000000203 /* VoryCore in Frameworks */ = {isa = PBXBuildFile; productRef = AA00000000000000000201 /* VoryCore */; };
		AA00000000000000000303 /* VoryCore in Frameworks */ = {isa = PBXBuildFile; productRef = AA00000000000000000301 /* VoryCore */; };
		AA00000000000000000310 /* VoryMacNotificationService.appex in Embed Foundation Extensions */ = {isa = PBXBuildFile; fileRef = AA00000000000000000321 /* VoryMacNotificationService.appex */; settings = {ATTRIBUTES = (RemoveHeadersOnCopy, ); }; };
		AA00000000000000000403 /* VoryCore in Frameworks */ = {isa = PBXBuildFile; productRef = AA00000000000000000401 /* VoryCore */; };
		AA00000000000000000410 /* VoryMacWidgets.appex in Embed Foundation Extensions */ = {isa = PBXBuildFile; fileRef = AA00000000000000000421 /* VoryMacWidgets.appex */; settings = {ATTRIBUTES = (RemoveHeadersOnCopy, ); }; };
		AA00000000000000000501 /* VoryCore in Frameworks */ = {isa = PBXBuildFile; productRef = AA00000000000000000502 /* VoryCore */; };
/* End PBXBuildFile section */

/* Begin PBXContainerItemProxy section */
		AA00000000000000000030 /* PBXContainerItemProxy */ = {
			isa = PBXContainerItemProxy;
			containerPortal = AA00000000000000000001 /* Project object */;
			proxyType = 1;
			remoteGlobalIDString = AA00000000000000000041;
			remoteInfo = HermesLiveActivity;
		};
		AA00000000000000000031 /* PBXContainerItemProxy */ = {
			isa = PBXContainerItemProxy;
			containerPortal = AA00000000000000000001 /* Project object */;
			proxyType = 1;
			remoteGlobalIDString = AA00000000000000000040;
			remoteInfo = Vory;
		};
		AA00000000000000000032 /* PBXContainerItemProxy */ = {
			isa = PBXContainerItemProxy;
			containerPortal = AA00000000000000000001 /* Project object */;
			proxyType = 1;
			remoteGlobalIDString = AA00000000000000000040;
			remoteInfo = Vory;
		};
		AA000000000000000000DA /* PBXContainerItemProxy */ = {
			isa = PBXContainerItemProxy;
			containerPortal = AA00000000000000000001 /* Project object */;
			proxyType = 1;
			remoteGlobalIDString = AA000000000000000000E0;
			remoteInfo = VoryWatch;
		};
		AA000000000000000000DB /* PBXContainerItemProxy */ = {
			isa = PBXContainerItemProxy;
			containerPortal = AA00000000000000000001 /* Project object */;
			proxyType = 1;
			remoteGlobalIDString = AA000000000000000000E1;
			remoteInfo = VoryWatchComplications;
		};
		AA00000000000000000104 /* PBXContainerItemProxy */ = {
			isa = PBXContainerItemProxy;
			containerPortal = AA00000000000000000001 /* Project object */;
			proxyType = 1;
			remoteGlobalIDString = AA00000000000000000110;
			remoteInfo = VoryNotificationService;
		};
		AA00000000000000000122 /* PBXContainerItemProxy */ = {
			isa = PBXContainerItemProxy;
			containerPortal = AA00000000000000000001 /* Project object */;
			proxyType = 1;
			remoteGlobalIDString = AA00000000000000000125;
			remoteInfo = VoryNotificationContent;
		};
		AA00000000000000000304 /* PBXContainerItemProxy */ = {
			isa = PBXContainerItemProxy;
			containerPortal = AA00000000000000000001 /* Project object */;
			proxyType = 1;
			remoteGlobalIDString = AA00000000000000000340;
			remoteInfo = VoryMacNotificationService;
		};
		AA00000000000000000404 /* PBXContainerItemProxy */ = {
			isa = PBXContainerItemProxy;
			containerPortal = AA00000000000000000001 /* Project object */;
			proxyType = 1;
			remoteGlobalIDString = AA00000000000000000440;
			remoteInfo = VoryMacWidgets;
		};
		AA00000000000000000503 /* PBXContainerItemProxy */ = {
			isa = PBXContainerItemProxy;
			containerPortal = AA00000000000000000001 /* Project object */;
			proxyType = 1;
			remoteGlobalIDString = AA00000000000000000240;
			remoteInfo = VoryMac;
		};
/* End PBXContainerItemProxy section */

/* Begin PBXCopyFilesBuildPhase section */
		AA00000000000000000050 /* Embed Foundation Extensions */ = {
			isa = PBXCopyFilesBuildPhase;
			buildActionMask = 2147483647;
			dstPath = "";
			dstSubfolderSpec = 13;
			files = (
				AA00000000000000000010 /* HermesLiveActivity.appex in Embed Foundation Extensions */,
				AA00000000000000000100 /* VoryNotificationService.appex in Embed Foundation Extensions */,
				AA00000000000000000120 /* VoryNotificationContent.appex in Embed Foundation Extensions */,
			);
			name = "Embed Foundation Extensions";
			runOnlyForDeploymentPostprocessing = 0;
		};
		AA000000000000000000DC /* Embed Watch Content */ = {
			isa = PBXCopyFilesBuildPhase;
			buildActionMask = 2147483647;
			dstPath = "$(CONTENTS_FOLDER_PATH)/Watch";
			dstSubfolderSpec = 16;
			files = (
				AA000000000000000000D0 /* VoryWatch.app in Embed Watch Content */,
			);
			name = "Embed Watch Content";
			runOnlyForDeploymentPostprocessing = 0;
		};
		AA000000000000000000DD /* Embed Foundation Extensions */ = {
			isa = PBXCopyFilesBuildPhase;
			buildActionMask = 2147483647;
			dstPath = "";
			dstSubfolderSpec = 13;
			files = (
				AA000000000000000000D2 /* VoryWatchComplications.appex in Embed Foundation Extensions */,
			);
			name = "Embed Foundation Extensions";
			runOnlyForDeploymentPostprocessing = 0;
		};
		AA00000000000000000350 /* Embed Foundation Extensions */ = {
			isa = PBXCopyFilesBuildPhase;
			buildActionMask = 2147483647;
			dstPath = "";
			dstSubfolderSpec = 13;
			files = (
				AA00000000000000000310 /* VoryMacNotificationService.appex in Embed Foundation Extensions */,
				AA00000000000000000410 /* VoryMacWidgets.appex in Embed Foundation Extensions */,
			);
			name = "Embed Foundation Extensions";
			runOnlyForDeploymentPostprocessing = 0;
		};
/* End PBXCopyFilesBuildPhase section */

/* Begin PBXFileReference section */
		AA00000000000000000020 /* Vory.app */ = {isa = PBXFileReference; explicitFileType = wrapper.application; includeInIndex = 0; path = Vory.app; sourceTree = BUILT_PRODUCTS_DIR; };
		AA00000000000000000021 /* HermesLiveActivity.appex */ = {isa = PBXFileReference; explicitFileType = "wrapper.app-extension"; includeInIndex = 0; path = HermesLiveActivity.appex; sourceTree = BUILT_PRODUCTS_DIR; };
		AA00000000000000000022 /* VoryTests.xctest */ = {isa = PBXFileReference; explicitFileType = wrapper.cfbundle; includeInIndex = 0; path = VoryTests.xctest; sourceTree = BUILT_PRODUCTS_DIR; };
		AA00000000000000000023 /* VoryUITests.xctest */ = {isa = PBXFileReference; explicitFileType = wrapper.cfbundle; includeInIndex = 0; path = VoryUITests.xctest; sourceTree = BUILT_PRODUCTS_DIR; };
		AA000000000000000000D1 /* VoryWatch.app */ = {isa = PBXFileReference; explicitFileType = wrapper.application; includeInIndex = 0; path = VoryWatch.app; sourceTree = BUILT_PRODUCTS_DIR; };
		AA000000000000000000D3 /* VoryWatchComplications.appex */ = {isa = PBXFileReference; explicitFileType = "wrapper.app-extension"; includeInIndex = 0; path = VoryWatchComplications.appex; sourceTree = BUILT_PRODUCTS_DIR; };
		AA00000000000000000101 /* VoryNotificationService.appex */ = {isa = PBXFileReference; explicitFileType = "wrapper.app-extension"; includeInIndex = 0; path = VoryNotificationService.appex; sourceTree = BUILT_PRODUCTS_DIR; };
		AA00000000000000000121 /* VoryNotificationContent.appex */ = {isa = PBXFileReference; explicitFileType = "wrapper.app-extension"; includeInIndex = 0; path = VoryNotificationContent.appex; sourceTree = BUILT_PRODUCTS_DIR; };
		AA00000000000000000220 /* Vory.app */ = {isa = PBXFileReference; explicitFileType = wrapper.application; includeInIndex = 0; path = Vory.app; sourceTree = BUILT_PRODUCTS_DIR; };
		AA00000000000000000321 /* VoryMacNotificationService.appex */ = {isa = PBXFileReference; explicitFileType = "wrapper.app-extension"; includeInIndex = 0; path = VoryMacNotificationService.appex; sourceTree = BUILT_PRODUCTS_DIR; };
		AA00000000000000000421 /* VoryMacWidgets.appex */ = {isa = PBXFileReference; explicitFileType = "wrapper.app-extension"; includeInIndex = 0; path = VoryMacWidgets.appex; sourceTree = BUILT_PRODUCTS_DIR; };
		AA00000000000000000520 /* VoryMacTests.xctest */ = {isa = PBXFileReference; explicitFileType = wrapper.cfbundle; includeInIndex = 0; path = VoryMacTests.xctest; sourceTree = BUILT_PRODUCTS_DIR; };
/* End PBXFileReference section */

/* Begin PBXFileSystemSynchronizedBuildFileExceptionSet section */
		AA00000000000000000064 /* Exceptions for "Vory" folder in "Vory" target */ = {
			isa = PBXFileSystemSynchronizedBuildFileExceptionSet;
			membershipExceptions = (
				Info.plist,
			);
			target = AA00000000000000000040 /* Vory */;
		};
		AA00000000000000000065 /* Exceptions for "HermesLiveActivity" folder in "HermesLiveActivity" target */ = {
			isa = PBXFileSystemSynchronizedBuildFileExceptionSet;
			membershipExceptions = (
				Info.plist,
			);
			target = AA00000000000000000041 /* HermesLiveActivity */;
		};
		AA000000000000000000DE /* Exceptions for "Shared" folder in "HermesLiveActivity" target */ = {
			isa = PBXFileSystemSynchronizedBuildFileExceptionSet;
			membershipExceptions = (
				AppIcon.icon,
			);
			target = AA00000000000000000041 /* HermesLiveActivity */;
		};
		AA000000000000000000F6 /* Exceptions for "VoryWatch" folder in "VoryWatch" target */ = {
			isa = PBXFileSystemSynchronizedBuildFileExceptionSet;
			membershipExceptions = (
				Info.plist,
			);
			target = AA000000000000000000E0 /* VoryWatch */;
		};
		AA000000000000000000F7 /* Exceptions for "VoryWatchComplications" folder in "VoryWatchComplications" target */ = {
			isa = PBXFileSystemSynchronizedBuildFileExceptionSet;
			membershipExceptions = (
				Info.plist,
			);
			target = AA000000000000000000E1 /* VoryWatchComplications */;
		};
		AA00000000000000000105 /* Exceptions for "VoryNotificationService" folder in "VoryNotificationService" target */ = {
			isa = PBXFileSystemSynchronizedBuildFileExceptionSet;
			membershipExceptions = (
				Info.plist,
			);
			target = AA00000000000000000110 /* VoryNotificationService */;
		};
		AA00000000000000000123 /* Exceptions for "VoryNotificationContent" folder in "VoryNotificationContent" target */ = {
			isa = PBXFileSystemSynchronizedBuildFileExceptionSet;
			membershipExceptions = (
				Info.plist,
			);
			target = AA00000000000000000125 /* VoryNotificationContent */;
		};
		AA0000000000000000012F /* Exceptions for "Shared" folder in "VoryNotificationService" target */ = {
			isa = PBXFileSystemSynchronizedBuildFileExceptionSet;
			membershipExceptions = (
				AppIcon.icon,
			);
			target = AA00000000000000000110 /* VoryNotificationService */;
		};
		AA00000000000000000130 /* Exceptions for "Shared" folder in "VoryNotificationContent" target */ = {
			isa = PBXFileSystemSynchronizedBuildFileExceptionSet;
			membershipExceptions = (
				AppIcon.icon,
			);
			target = AA00000000000000000125 /* VoryNotificationContent */;
		};
		AA00000000000000000264 /* Exceptions for "VoryMac" folder in "VoryMac" target */ = {
			isa = PBXFileSystemSynchronizedBuildFileExceptionSet;
			membershipExceptions = (
				Info.plist,
			);
			target = AA00000000000000000240 /* VoryMac */;
		};
		AA00000000000000000265 /* Exceptions for "Shared" folder in "VoryMac" target */ = {
			isa = PBXFileSystemSynchronizedBuildFileExceptionSet;
			membershipExceptions = (
				HermesTurnAttributes.swift,
			);
			target = AA00000000000000000240 /* VoryMac */;
		};
		AA00000000000000000266 /* Exceptions for "Vory" folder in "VoryMac" target */ = {
			isa = PBXFileSystemSynchronizedBuildFileExceptionSet;
			membershipExceptions = (
				App/BotMotionSource.swift,
				App/RootView.swift,
				App/TabBarMinimizeObserver.swift,
				App/VoryApp.swift,
				App/VoryTabBar.swift,
				Info.plist,
				Push/LiveActivityController.swift,
				Watch/WatchSync.swift,
			);
			target = AA00000000000000000240 /* VoryMac */;
		};
		AA00000000000000000364 /* Exceptions for "VoryMacNotificationService" folder in "VoryMacNotificationService" target */ = {
			isa = PBXFileSystemSynchronizedBuildFileExceptionSet;
			membershipExceptions = (
				Info.plist,
			);
			target = AA00000000000000000340 /* VoryMacNotificationService */;
		};
		AA00000000000000000365 /* Exceptions for "Shared" folder in "VoryMacNotificationService" target */ = {
			isa = PBXFileSystemSynchronizedBuildFileExceptionSet;
			membershipExceptions = (
				AppIcon.icon,
				HermesTurnAttributes.swift,
			);
			target = AA00000000000000000340 /* VoryMacNotificationService */;
		};
		AA00000000000000000366 /* Exceptions for "VoryNotificationService" folder in "VoryMacNotificationService" target */ = {
			isa = PBXFileSystemSynchronizedBuildFileExceptionSet;
			membershipExceptions = (
				Info.plist,
			);
			target = AA00000000000000000340 /* VoryMacNotificationService */;
		};
		AA00000000000000000464 /* Exceptions for "VoryMacWidgets" folder in "VoryMacWidgets" target */ = {
			isa = PBXFileSystemSynchronizedBuildFileExceptionSet;
			membershipExceptions = (
				Info.plist,
			);
			target = AA00000000000000000440 /* VoryMacWidgets */;
		};
		AA00000000000000000465 /* Exceptions for "Shared" folder in "VoryMacWidgets" target */ = {
			isa = PBXFileSystemSynchronizedBuildFileExceptionSet;
			membershipExceptions = (
				AppIcon.icon,
				HermesTurnAttributes.swift,
			);
			target = AA00000000000000000440 /* VoryMacWidgets */;
		};
		AA00000000000000000601 /* Exceptions for "Widgets" folder in "VoryWatch" target */ = {
			isa = PBXFileSystemSynchronizedBuildFileExceptionSet;
			membershipExceptions = (
				VoryWidgets.swift,
			);
			target = AA000000000000000000E0 /* VoryWatch */;
		};
/* End PBXFileSystemSynchronizedBuildFileExceptionSet section */

/* Begin PBXFileSystemSynchronizedRootGroup section */
		AA00000000000000000060 /* Vory */ = {
			isa = PBXFileSystemSynchronizedRootGroup;
			exceptions = (
				AA00000000000000000064 /* Exceptions for "Vory" folder in "Vory" target */,
				AA00000000000000000266 /* Exceptions for "Vory" folder in "VoryMac" target */,
			);
			path = Vory;
			sourceTree = "<group>";
		};
		AA00000000000000000061 /* VoryTests */ = {
			isa = PBXFileSystemSynchronizedRootGroup;
			path = VoryTests;
			sourceTree = "<group>";
		};
		AA00000000000000000062 /* HermesLiveActivity */ = {
			isa = PBXFileSystemSynchronizedRootGroup;
			exceptions = (
				AA00000000000000000065 /* Exceptions for "HermesLiveActivity" folder in "HermesLiveActivity" target */,
			);
			path = HermesLiveActivity;
			sourceTree = "<group>";
		};
		AA00000000000000000063 /* Shared */ = {
			isa = PBXFileSystemSynchronizedRootGroup;
			exceptions = (
				AA000000000000000000DE /* Exceptions for "Shared" folder in "HermesLiveActivity" target */,
				AA0000000000000000012F /* Exceptions for "Shared" folder in "VoryNotificationService" target */,
				AA00000000000000000130 /* Exceptions for "Shared" folder in "VoryNotificationContent" target */,
				AA00000000000000000265 /* Exceptions for "Shared" folder in "VoryMac" target */,
				AA00000000000000000365 /* Exceptions for "Shared" folder in "VoryMacNotificationService" target */,
				AA00000000000000000465 /* Exceptions for "Shared" folder in "VoryMacWidgets" target */,
			);
			path = Shared;
			sourceTree = "<group>";
		};
		AA00000000000000000066 /* VoryUITests */ = {
			isa = PBXFileSystemSynchronizedRootGroup;
			path = VoryUITests;
			sourceTree = "<group>";
		};
		AA000000000000000000E2 /* VoryWatch */ = {
			isa = PBXFileSystemSynchronizedRootGroup;
			exceptions = (
				AA000000000000000000F6 /* Exceptions for "VoryWatch" folder in "VoryWatch" target */,
			);
			path = VoryWatch;
			sourceTree = "<group>";
		};
		AA000000000000000000E3 /* VoryWatchComplications */ = {
			isa = PBXFileSystemSynchronizedRootGroup;
			exceptions = (
				AA000000000000000000F7 /* Exceptions for "VoryWatchComplications" folder in "VoryWatchComplications" target */,
			);
			path = VoryWatchComplications;
			sourceTree = "<group>";
		};
		AA000000000000000000E4 /* Widgets */ = {
			isa = PBXFileSystemSynchronizedRootGroup;
			exceptions = (
				AA00000000000000000601 /* Exceptions for "Widgets" folder in "VoryWatch" target */,
			);
			path = Widgets;
			sourceTree = "<group>";
		};
		AA00000000000000000106 /* VoryNotificationService */ = {
			isa = PBXFileSystemSynchronizedRootGroup;
			exceptions = (
				AA00000000000000000105 /* Exceptions for "VoryNotificationService" folder in "VoryNotificationService" target */,
				AA00000000000000000366 /* Exceptions for "VoryNotificationService" folder in "VoryMacNotificationService" target */,
			);
			path = VoryNotificationService;
			sourceTree = "<group>";
		};
		AA00000000000000000124 /* VoryNotificationContent */ = {
			isa = PBXFileSystemSynchronizedRootGroup;
			exceptions = (
				AA00000000000000000123 /* Exceptions for "VoryNotificationContent" folder in "VoryNotificationContent" target */,
			);
			path = VoryNotificationContent;
			sourceTree = "<group>";
		};
		AA00000000000000000260 /* VoryMac */ = {
			isa = PBXFileSystemSynchronizedRootGroup;
			exceptions = (
				AA00000000000000000264 /* Exceptions for "VoryMac" folder in "VoryMac" target */,
			);
			path = VoryMac;
			sourceTree = "<group>";
		};
		AA00000000000000000360 /* VoryMacNotificationService */ = {
			isa = PBXFileSystemSynchronizedRootGroup;
			exceptions = (
				AA00000000000000000364 /* Exceptions for "VoryMacNotificationService" folder in "VoryMacNotificationService" target */,
			);
			path = VoryMacNotificationService;
			sourceTree = "<group>";
		};
		AA00000000000000000460 /* VoryMacWidgets */ = {
			isa = PBXFileSystemSynchronizedRootGroup;
			exceptions = (
				AA00000000000000000464 /* Exceptions for "VoryMacWidgets" folder in "VoryMacWidgets" target */,
			);
			path = VoryMacWidgets;
			sourceTree = "<group>";
		};
/* End PBXFileSystemSynchronizedRootGroup section */

/* Begin PBXFrameworksBuildPhase section */
		AA00000000000000000091 /* Frameworks */ = {
			isa = PBXFrameworksBuildPhase;
			buildActionMask = 2147483647;
			files = (
				AA000000000000000000C3 /* VoryCore in Frameworks */,
			);
			runOnlyForDeploymentPostprocessing = 0;
		};
		AA00000000000000000094 /* Frameworks */ = {
			isa = PBXFrameworksBuildPhase;
			buildActionMask = 2147483647;
			files = (
				AA000000000000000000D8 /* VoryCore in Frameworks */,
			);
			runOnlyForDeploymentPostprocessing = 0;
		};
		AA00000000000000000097 /* Frameworks */ = {
			isa = PBXFrameworksBuildPhase;
			buildActionMask = 2147483647;
			files = (
				AA000000000000000000C4 /* VoryCore in Frameworks */,
			);
			runOnlyForDeploymentPostprocessing = 0;
		};
		AA0000000000000000009A /* Frameworks */ = {
			isa = PBXFrameworksBuildPhase;
			buildActionMask = 2147483647;
			files = (
			);
			runOnlyForDeploymentPostprocessing = 0;
		};
		AA000000000000000000E5 /* Frameworks */ = {
			isa = PBXFrameworksBuildPhase;
			buildActionMask = 2147483647;
			files = (
				AA000000000000000000D4 /* VoryCore in Frameworks */,
			);
			runOnlyForDeploymentPostprocessing = 0;
		};
		AA000000000000000000E6 /* Frameworks */ = {
			isa = PBXFrameworksBuildPhase;
			buildActionMask = 2147483647;
			files = (
				AA000000000000000000D6 /* VoryCore in Frameworks */,
			);
			runOnlyForDeploymentPostprocessing = 0;
		};
		AA00000000000000000107 /* Frameworks */ = {
			isa = PBXFrameworksBuildPhase;
			buildActionMask = 2147483647;
			files = (
				AA00000000000000000102 /* VoryCore in Frameworks */,
			);
			runOnlyForDeploymentPostprocessing = 0;
		};
		AA00000000000000000127 /* Frameworks */ = {
			isa = PBXFrameworksBuildPhase;
			buildActionMask = 2147483647;
			files = (
				AA0000000000000000012E /* VoryCore in Frameworks */,
			);
			runOnlyForDeploymentPostprocessing = 0;
		};
		AA00000000000000000291 /* Frameworks */ = {
			isa = PBXFrameworksBuildPhase;
			buildActionMask = 2147483647;
			files = (
				AA00000000000000000203 /* VoryCore in Frameworks */,
			);
			runOnlyForDeploymentPostprocessing = 0;
		};
		AA00000000000000000391 /* Frameworks */ = {
			isa = PBXFrameworksBuildPhase;
			buildActionMask = 2147483647;
			files = (
				AA00000000000000000303 /* VoryCore in Frameworks */,
			);
			runOnlyForDeploymentPostprocessing = 0;
		};
		AA00000000000000000491 /* Frameworks */ = {
			isa = PBXFrameworksBuildPhase;
			buildActionMask = 2147483647;
			files = (
				AA00000000000000000403 /* VoryCore in Frameworks */,
			);
			runOnlyForDeploymentPostprocessing = 0;
		};
		AA00000000000000000597 /* Frameworks */ = {
			isa = PBXFrameworksBuildPhase;
			buildActionMask = 2147483647;
			files = (
				AA00000000000000000501 /* VoryCore in Frameworks */,
			);
			runOnlyForDeploymentPostprocessing = 0;
		};
/* End PBXFrameworksBuildPhase section */

/* Begin PBXGroup section */
		AA00000000000000000070 /* Products */ = {
			isa = PBXGroup;
			children = (
				AA00000000000000000020 /* Vory.app */,
				AA00000000000000000021 /* HermesLiveActivity.appex */,
				AA000000000000000000D1 /* VoryWatch.app */,
				AA000000000000000000D3 /* VoryWatchComplications.appex */,
				AA00000000000000000101 /* VoryNotificationService.appex */,
				AA00000000000000000121 /* VoryNotificationContent.appex */,
				AA00000000000000000220 /* Vory.app */,
				AA00000000000000000321 /* VoryMacNotificationService.appex */,
				AA00000000000000000421 /* VoryMacWidgets.appex */,
				AA00000000000000000022 /* VoryTests.xctest */,
				AA00000000000000000520 /* VoryMacTests.xctest */,
				AA00000000000000000023 /* VoryUITests.xctest */,
			);
			name = Products;
			sourceTree = "<group>";
		};
		AA00000000000000000071 = {
			isa = PBXGroup;
			children = (
				AA00000000000000000060 /* Vory */,
				AA00000000000000000063 /* Shared */,
				AA00000000000000000062 /* HermesLiveActivity */,
				AA000000000000000000E2 /* VoryWatch */,
				AA000000000000000000E3 /* VoryWatchComplications */,
				AA000000000000000000E4 /* Widgets */,
				AA00000000000000000106 /* VoryNotificationService */,
				AA00000000000000000124 /* VoryNotificationContent */,
				AA00000000000000000260 /* VoryMac */,
				AA00000000000000000460 /* VoryMacWidgets */,
				AA00000000000000000061 /* VoryTests */,
				AA00000000000000000066 /* VoryUITests */,
				AA00000000000000000070 /* Products */,
				C929CDF0306CC3C2002EDF0A /* Recovered References */,
			);
			sourceTree = "<group>";
		};
		C929CDF0306CC3C2002EDF0A /* Recovered References */ = {
			isa = PBXGroup;
			children = (
				AA00000000000000000360 /* VoryMacNotificationService */,
			);
			name = "Recovered References";
			sourceTree = "<group>";
		};
/* End PBXGroup section */

/* Begin PBXNativeTarget section */
		AA00000000000000000040 /* Vory */ = {
			isa = PBXNativeTarget;
			buildConfigurationList = AA00000000000000000080 /* Build configuration list for PBXNativeTarget "Vory" */;
			buildPhases = (
				AA00000000000000000090 /* Sources */,
				AA00000000000000000091 /* Frameworks */,
				AA00000000000000000092 /* Resources */,
				AA00000000000000000050 /* Embed Foundation Extensions */,
				AA000000000000000000DC /* Embed Watch Content */,
			);
			buildRules = (
			);
			dependencies = (
				AA000000000000000000A0 /* PBXTargetDependency */,
				AA000000000000000000EA /* PBXTargetDependency */,
				AA00000000000000000111 /* PBXTargetDependency */,
				AA0000000000000000012A /* PBXTargetDependency */,
			);
			fileSystemSynchronizedGroups = (
				AA00000000000000000060 /* Vory */,
				AA00000000000000000063 /* Shared */,
			);
			name = Vory;
			packageProductDependencies = (
				AA000000000000000000C1 /* VoryCore */,
			);
			productName = Vory;
			productReference = AA00000000000000000020 /* Vory.app */;
			productType = "com.apple.product-type.application";
		};
		AA00000000000000000041 /* HermesLiveActivity */ = {
			isa = PBXNativeTarget;
			buildConfigurationList = AA00000000000000000082 /* Build configuration list for PBXNativeTarget "HermesLiveActivity" */;
			buildPhases = (
				AA00000000000000000093 /* Sources */,
				AA00000000000000000094 /* Frameworks */,
				AA00000000000000000095 /* Resources */,
			);
			buildRules = (
			);
			dependencies = (
			);
			fileSystemSynchronizedGroups = (
				AA00000000000000000062 /* HermesLiveActivity */,
				AA00000000000000000063 /* Shared */,
				AA000000000000000000E4 /* Widgets */,
			);
			name = HermesLiveActivity;
			packageProductDependencies = (
				AA000000000000000000D9 /* VoryCore */,
			);
			productName = HermesLiveActivity;
			productReference = AA00000000000000000021 /* HermesLiveActivity.appex */;
			productType = "com.apple.product-type.app-extension";
		};
		AA00000000000000000042 /* VoryTests */ = {
			isa = PBXNativeTarget;
			buildConfigurationList = AA00000000000000000083 /* Build configuration list for PBXNativeTarget "VoryTests" */;
			buildPhases = (
				AA00000000000000000096 /* Sources */,
				AA00000000000000000097 /* Frameworks */,
				AA00000000000000000098 /* Resources */,
			);
			buildRules = (
			);
			dependencies = (
				AA000000000000000000A1 /* PBXTargetDependency */,
			);
			fileSystemSynchronizedGroups = (
				AA00000000000000000061 /* VoryTests */,
			);
			name = VoryTests;
			packageProductDependencies = (
				AA000000000000000000C2 /* VoryCore */,
			);
			productName = VoryTests;
			productReference = AA00000000000000000022 /* VoryTests.xctest */;
			productType = "com.apple.product-type.bundle.unit-test";
		};
		AA00000000000000000043 /* VoryUITests */ = {
			isa = PBXNativeTarget;
			buildConfigurationList = AA00000000000000000084 /* Build configuration list for PBXNativeTarget "VoryUITests" */;
			buildPhases = (
				AA00000000000000000099 /* Sources */,
				AA0000000000000000009A /* Frameworks */,
				AA0000000000000000009B /* Resources */,
			);
			buildRules = (
			);
			dependencies = (
				AA000000000000000000A2 /* PBXTargetDependency */,
			);
			fileSystemSynchronizedGroups = (
				AA00000000000000000066 /* VoryUITests */,
			);
			name = VoryUITests;
			packageProductDependencies = (
			);
			productName = VoryUITests;
			productReference = AA00000000000000000023 /* VoryUITests.xctest */;
			productType = "com.apple.product-type.bundle.ui-testing";
		};
		AA000000000000000000E0 /* VoryWatch */ = {
			isa = PBXNativeTarget;
			buildConfigurationList = AA000000000000000000F0 /* Build configuration list for PBXNativeTarget "VoryWatch" */;
			buildPhases = (
				AA000000000000000000E7 /* Sources */,
				AA000000000000000000E5 /* Frameworks */,
				AA000000000000000000E8 /* Resources */,
				AA000000000000000000DD /* Embed Foundation Extensions */,
			);
			buildRules = (
			);
			dependencies = (
				AA000000000000000000EB /* PBXTargetDependency */,
			);
			fileSystemSynchronizedGroups = (
				AA00000000000000000063 /* Shared */,
				AA000000000000000000E2 /* VoryWatch */,
				AA000000000000000000E4 /* Widgets */,
			);
			name = VoryWatch;
			packageProductDependencies = (
				AA000000000000000000D5 /* VoryCore */,
			);
			productName = VoryWatch;
			productReference = AA000000000000000000D1 /* VoryWatch.app */;
			productType = "com.apple.product-type.application";
		};
		AA000000000000000000E1 /* VoryWatchComplications */ = {
			isa = PBXNativeTarget;
			buildConfigurationList = AA000000000000000000F1 /* Build configuration list for PBXNativeTarget "VoryWatchComplications" */;
			buildPhases = (
				AA000000000000000000E9 /* Sources */,
				AA000000000000000000E6 /* Frameworks */,
				AA000000000000000000EC /* Resources */,
			);
			buildRules = (
			);
			dependencies = (
			);
			fileSystemSynchronizedGroups = (
				AA000000000000000000E3 /* VoryWatchComplications */,
				AA000000000000000000E4 /* Widgets */,
			);
			name = VoryWatchComplications;
			packageProductDependencies = (
				AA000000000000000000D7 /* VoryCore */,
			);
			productName = VoryWatchComplications;
			productReference = AA000000000000000000D3 /* VoryWatchComplications.appex */;
			productType = "com.apple.product-type.app-extension";
		};
		AA00000000000000000110 /* VoryNotificationService */ = {
			isa = PBXNativeTarget;
			buildConfigurationList = AA00000000000000000112 /* Build configuration list for PBXNativeTarget "VoryNotificationService" */;
			buildPhases = (
				AA00000000000000000108 /* Sources */,
				AA00000000000000000107 /* Frameworks */,
				AA00000000000000000109 /* Resources */,
			);
			buildRules = (
			);
			dependencies = (
			);
			fileSystemSynchronizedGroups = (
				AA00000000000000000063 /* Shared */,
				AA00000000000000000106 /* VoryNotificationService */,
			);
			name = VoryNotificationService;
			packageProductDependencies = (
				AA00000000000000000103 /* VoryCore */,
			);
			productName = VoryNotificationService;
			productReference = AA00000000000000000101 /* VoryNotificationService.appex */;
			productType = "com.apple.product-type.app-extension";
		};
		AA00000000000000000125 /* VoryNotificationContent */ = {
			isa = PBXNativeTarget;
			buildConfigurationList = AA0000000000000000012B /* Build configuration list for PBXNativeTarget "VoryNotificationContent" */;
			buildPhases = (
				AA00000000000000000126 /* Sources */,
				AA00000000000000000127 /* Frameworks */,
				AA00000000000000000128 /* Resources */,
			);
			buildRules = (
			);
			dependencies = (
			);
			fileSystemSynchronizedGroups = (
				AA00000000000000000063 /* Shared */,
				AA00000000000000000124 /* VoryNotificationContent */,
			);
			name = VoryNotificationContent;
			packageProductDependencies = (
				AA00000000000000000129 /* VoryCore */,
			);
			productName = VoryNotificationContent;
			productReference = AA00000000000000000121 /* VoryNotificationContent.appex */;
			productType = "com.apple.product-type.app-extension";
		};
		AA00000000000000000240 /* VoryMac */ = {
			isa = PBXNativeTarget;
			buildConfigurationList = AA00000000000000000280 /* Build configuration list for PBXNativeTarget "VoryMac" */;
			buildPhases = (
				AA00000000000000000290 /* Sources */,
				AA00000000000000000291 /* Frameworks */,
				AA00000000000000000292 /* Resources */,
				AA00000000000000000350 /* Embed Foundation Extensions */,
			);
			buildRules = (
			);
			dependencies = (
				AA00000000000000000311 /* PBXTargetDependency */,
				AA00000000000000000411 /* PBXTargetDependency */,
			);
			fileSystemSynchronizedGroups = (
				AA00000000000000000060 /* Vory */,
				AA00000000000000000063 /* Shared */,
				AA00000000000000000260 /* VoryMac */,
			);
			name = VoryMac;
			packageProductDependencies = (
				AA00000000000000000201 /* VoryCore */,
			);
			productName = VoryMac;
			productReference = AA00000000000000000220 /* Vory.app */;
			productType = "com.apple.product-type.application";
		};
		AA00000000000000000340 /* VoryMacNotificationService */ = {
			isa = PBXNativeTarget;
			buildConfigurationList = AA00000000000000000380 /* Build configuration list for PBXNativeTarget "VoryMacNotificationService" */;
			buildPhases = (
				AA00000000000000000390 /* Sources */,
				AA00000000000000000391 /* Frameworks */,
				AA00000000000000000392 /* Resources */,
			);
			buildRules = (
			);
			dependencies = (
			);
			fileSystemSynchronizedGroups = (
				AA00000000000000000063 /* Shared */,
				AA00000000000000000106 /* VoryNotificationService */,
				AA00000000000000000360 /* VoryMacNotificationService */,
			);
			name = VoryMacNotificationService;
			packageProductDependencies = (
				AA00000000000000000301 /* VoryCore */,
			);
			productName = VoryMacNotificationService;
			productReference = AA00000000000000000321 /* VoryMacNotificationService.appex */;
			productType = "com.apple.product-type.app-extension";
		};
		AA00000000000000000440 /* VoryMacWidgets */ = {
			isa = PBXNativeTarget;
			buildConfigurationList = AA00000000000000000480 /* Build configuration list for PBXNativeTarget "VoryMacWidgets" */;
			buildPhases = (
				AA00000000000000000490 /* Sources */,
				AA00000000000000000491 /* Frameworks */,
				AA00000000000000000492 /* Resources */,
			);
			buildRules = (
			);
			dependencies = (
			);
			fileSystemSynchronizedGroups = (
				AA00000000000000000063 /* Shared */,
				AA000000000000000000E4 /* Widgets */,
				AA00000000000000000460 /* VoryMacWidgets */,
			);
			name = VoryMacWidgets;
			packageProductDependencies = (
				AA00000000000000000401 /* VoryCore */,
			);
			productName = VoryMacWidgets;
			productReference = AA00000000000000000421 /* VoryMacWidgets.appex */;
			productType = "com.apple.product-type.app-extension";
		};
		AA00000000000000000540 /* VoryMacTests */ = {
			isa = PBXNativeTarget;
			buildConfigurationList = AA00000000000000000583 /* Build configuration list for PBXNativeTarget "VoryMacTests" */;
			buildPhases = (
				AA00000000000000000596 /* Sources */,
				AA00000000000000000597 /* Frameworks */,
				AA00000000000000000598 /* Resources */,
			);
			buildRules = (
			);
			dependencies = (
				AA000000000000000005A1 /* PBXTargetDependency */,
			);
			fileSystemSynchronizedGroups = (
				AA00000000000000000061 /* VoryTests */,
			);
			name = VoryMacTests;
			packageProductDependencies = (
				AA00000000000000000502 /* VoryCore */,
			);
			productName = VoryMacTests;
			productReference = AA00000000000000000520 /* VoryMacTests.xctest */;
			productType = "com.apple.product-type.bundle.unit-test";
		};
/* End PBXNativeTarget section */

/* Begin PBXProject section */
		AA00000000000000000001 /* Project object */ = {
			isa = PBXProject;
			attributes = {
				BuildIndependentTargetsInParallel = 1;
				LastSwiftUpdateCheck = 2700;
				LastUpgradeCheck = 2700;
				TargetAttributes = {
					AA00000000000000000042 = {
						TestTargetID = AA00000000000000000040;
					};
					AA00000000000000000043 = {
						TestTargetID = AA00000000000000000040;
					};
					AA00000000000000000540 = {
						TestTargetID = AA00000000000000000240;
					};
				};
			};
			buildConfigurationList = AA00000000000000000081 /* Build configuration list for PBXProject "Vory" */;
			developmentRegion = en;
			hasScannedForEncodings = 0;
			knownRegions = (
				en,
				Base,
			);
			mainGroup = AA00000000000000000071;
			minimizedProjectReferenceProxies = 1;
			packageReferences = (
				AA000000000000000000C0 /* XCLocalSwiftPackageReference "Packages/VoryCore" */,
			);
			preferredProjectObjectVersion = 77;
			productRefGroup = AA00000000000000000070 /* Products */;
			projectDirPath = "";
			projectRoot = "";
			targets = (
				AA00000000000000000040 /* Vory */,
				AA00000000000000000041 /* HermesLiveActivity */,
				AA000000000000000000E0 /* VoryWatch */,
				AA000000000000000000E1 /* VoryWatchComplications */,
				AA00000000000000000110 /* VoryNotificationService */,
				AA00000000000000000125 /* VoryNotificationContent */,
				AA00000000000000000240 /* VoryMac */,
				AA00000000000000000340 /* VoryMacNotificationService */,
				AA00000000000000000440 /* VoryMacWidgets */,
				AA00000000000000000042 /* VoryTests */,
				AA00000000000000000043 /* VoryUITests */,
				AA00000000000000000540 /* VoryMacTests */,
			);
		};
/* End PBXProject section */

/* Begin PBXResourcesBuildPhase section */
		AA00000000000000000092 /* Resources */ = {
			isa = PBXResourcesBuildPhase;
			buildActionMask = 2147483647;
			files = (
			);
			runOnlyForDeploymentPostprocessing = 0;
		};
		AA00000000000000000095 /* Resources */ = {
			isa = PBXResourcesBuildPhase;
			buildActionMask = 2147483647;
			files = (
			);
			runOnlyForDeploymentPostprocessing = 0;
		};
		AA00000000000000000098 /* Resources */ = {
			isa = PBXResourcesBuildPhase;
			buildActionMask = 2147483647;
			files = (
			);
			runOnlyForDeploymentPostprocessing = 0;
		};
		AA0000000000000000009B /* Resources */ = {
			isa = PBXResourcesBuildPhase;
			buildActionMask = 2147483647;
			files = (
			);
			runOnlyForDeploymentPostprocessing = 0;
		};
		AA000000000000000000E8 /* Resources */ = {
			isa = PBXResourcesBuildPhase;
			buildActionMask = 2147483647;
			files = (
			);
			runOnlyForDeploymentPostprocessing = 0;
		};
		AA000000000000000000EC /* Resources */ = {
			isa = PBXResourcesBuildPhase;
			buildActionMask = 2147483647;
			files = (
			);
			runOnlyForDeploymentPostprocessing = 0;
		};
		AA00000000000000000109 /* Resources */ = {
			isa = PBXResourcesBuildPhase;
			buildActionMask = 2147483647;
			files = (
			);
			runOnlyForDeploymentPostprocessing = 0;
		};
		AA00000000000000000128 /* Resources */ = {
			isa = PBXResourcesBuildPhase;
			buildActionMask = 2147483647;
			files = (
			);
			runOnlyForDeploymentPostprocessing = 0;
		};
		AA00000000000000000292 /* Resources */ = {
			isa = PBXResourcesBuildPhase;
			buildActionMask = 2147483647;
			files = (
			);
			runOnlyForDeploymentPostprocessing = 0;
		};
		AA00000000000000000392 /* Resources */ = {
			isa = PBXResourcesBuildPhase;
			buildActionMask = 2147483647;
			files = (
			);
			runOnlyForDeploymentPostprocessing = 0;
		};
		AA00000000000000000492 /* Resources */ = {
			isa = PBXResourcesBuildPhase;
			buildActionMask = 2147483647;
			files = (
			);
			runOnlyForDeploymentPostprocessing = 0;
		};
		AA00000000000000000598 /* Resources */ = {
			isa = PBXResourcesBuildPhase;
			buildActionMask = 2147483647;
			files = (
			);
			runOnlyForDeploymentPostprocessing = 0;
		};
/* End PBXResourcesBuildPhase section */

/* Begin PBXSourcesBuildPhase section */
		AA00000000000000000090 /* Sources */ = {
			isa = PBXSourcesBuildPhase;
			buildActionMask = 2147483647;
			files = (
			);
			runOnlyForDeploymentPostprocessing = 0;
		};
		AA00000000000000000093 /* Sources */ = {
			isa = PBXSourcesBuildPhase;
			buildActionMask = 2147483647;
			files = (
			);
			runOnlyForDeploymentPostprocessing = 0;
		};
		AA00000000000000000096 /* Sources */ = {
			isa = PBXSourcesBuildPhase;
			buildActionMask = 2147483647;
			files = (
			);
			runOnlyForDeploymentPostprocessing = 0;
		};
		AA00000000000000000099 /* Sources */ = {
			isa = PBXSourcesBuildPhase;
			buildActionMask = 2147483647;
			files = (
			);
			runOnlyForDeploymentPostprocessing = 0;
		};
		AA000000000000000000E7 /* Sources */ = {
			isa = PBXSourcesBuildPhase;
			buildActionMask = 2147483647;
			files = (
			);
			runOnlyForDeploymentPostprocessing = 0;
		};
		AA000000000000000000E9 /* Sources */ = {
			isa = PBXSourcesBuildPhase;
			buildActionMask = 2147483647;
			files = (
			);
			runOnlyForDeploymentPostprocessing = 0;
		};
		AA00000000000000000108 /* Sources */ = {
			isa = PBXSourcesBuildPhase;
			buildActionMask = 2147483647;
			files = (
			);
			runOnlyForDeploymentPostprocessing = 0;
		};
		AA00000000000000000126 /* Sources */ = {
			isa = PBXSourcesBuildPhase;
			buildActionMask = 2147483647;
			files = (
			);
			runOnlyForDeploymentPostprocessing = 0;
		};
		AA00000000000000000290 /* Sources */ = {
			isa = PBXSourcesBuildPhase;
			buildActionMask = 2147483647;
			files = (
			);
			runOnlyForDeploymentPostprocessing = 0;
		};
		AA00000000000000000390 /* Sources */ = {
			isa = PBXSourcesBuildPhase;
			buildActionMask = 2147483647;
			files = (
			);
			runOnlyForDeploymentPostprocessing = 0;
		};
		AA00000000000000000490 /* Sources */ = {
			isa = PBXSourcesBuildPhase;
			buildActionMask = 2147483647;
			files = (
			);
			runOnlyForDeploymentPostprocessing = 0;
		};
		AA00000000000000000596 /* Sources */ = {
			isa = PBXSourcesBuildPhase;
			buildActionMask = 2147483647;
			files = (
			);
			runOnlyForDeploymentPostprocessing = 0;
		};
/* End PBXSourcesBuildPhase section */

/* Begin PBXTargetDependency section */
		AA000000000000000000A0 /* PBXTargetDependency */ = {
			isa = PBXTargetDependency;
			target = AA00000000000000000041 /* HermesLiveActivity */;
			targetProxy = AA00000000000000000030 /* PBXContainerItemProxy */;
		};
		AA000000000000000000A1 /* PBXTargetDependency */ = {
			isa = PBXTargetDependency;
			target = AA00000000000000000040 /* Vory */;
			targetProxy = AA00000000000000000031 /* PBXContainerItemProxy */;
		};
		AA000000000000000000A2 /* PBXTargetDependency */ = {
			isa = PBXTargetDependency;
			target = AA00000000000000000040 /* Vory */;
			targetProxy = AA00000000000000000032 /* PBXContainerItemProxy */;
		};
		AA000000000000000000EA /* PBXTargetDependency */ = {
			isa = PBXTargetDependency;
			target = AA000000000000000000E0 /* VoryWatch */;
			targetProxy = AA000000000000000000DA /* PBXContainerItemProxy */;
		};
		AA000000000000000000EB /* PBXTargetDependency */ = {
			isa = PBXTargetDependency;
			target = AA000000000000000000E1 /* VoryWatchComplications */;
			targetProxy = AA000000000000000000DB /* PBXContainerItemProxy */;
		};
		AA00000000000000000111 /* PBXTargetDependency */ = {
			isa = PBXTargetDependency;
			target = AA00000000000000000110 /* VoryNotificationService */;
			targetProxy = AA00000000000000000104 /* PBXContainerItemProxy */;
		};
		AA0000000000000000012A /* PBXTargetDependency */ = {
			isa = PBXTargetDependency;
			target = AA00000000000000000125 /* VoryNotificationContent */;
			targetProxy = AA00000000000000000122 /* PBXContainerItemProxy */;
		};
		AA00000000000000000311 /* PBXTargetDependency */ = {
			isa = PBXTargetDependency;
			target = AA00000000000000000340 /* VoryMacNotificationService */;
			targetProxy = AA00000000000000000304 /* PBXContainerItemProxy */;
		};
		AA00000000000000000411 /* PBXTargetDependency */ = {
			isa = PBXTargetDependency;
			target = AA00000000000000000440 /* VoryMacWidgets */;
			targetProxy = AA00000000000000000404 /* PBXContainerItemProxy */;
		};
		AA000000000000000005A1 /* PBXTargetDependency */ = {
			isa = PBXTargetDependency;
			target = AA00000000000000000240 /* VoryMac */;
			targetProxy = AA00000000000000000503 /* PBXContainerItemProxy */;
		};
/* End PBXTargetDependency section */

/* Begin XCBuildConfiguration section */
		AA000000000000000000B0 /* Debug */ = {
			isa = XCBuildConfiguration;
			buildSettings = {
				ALWAYS_SEARCH_USER_PATHS = NO;
				ASSETCATALOG_COMPILER_GENERATE_SWIFT_ASSET_SYMBOL_EXTENSIONS = YES;
				CLANG_ANALYZER_NONNULL = YES;
				CLANG_ANALYZER_NUMBER_OBJECT_CONVERSION = YES_AGGRESSIVE;
				CLANG_CXX_LANGUAGE_STANDARD = "gnu++20";
				CLANG_ENABLE_MODULES = YES;
				CLANG_ENABLE_OBJC_ARC = YES;
				CLANG_ENABLE_OBJC_WEAK = YES;
				CLANG_WARN_BLOCK_CAPTURE_AUTORELEASING = YES;
				CLANG_WARN_BOOL_CONVERSION = YES;
				CLANG_WARN_COMMA = YES;
				CLANG_WARN_CONSTANT_CONVERSION = YES;
				CLANG_WARN_DEPRECATED_OBJC_IMPLEMENTATIONS = YES;
				CLANG_WARN_DIRECT_OBJC_ISA_USAGE = YES_ERROR;
				CLANG_WARN_DOCUMENTATION_COMMENTS = YES;
				CLANG_WARN_EMPTY_BODY = YES;
				CLANG_WARN_ENUM_CONVERSION = YES;
				CLANG_WARN_INFINITE_RECURSION = YES;
				CLANG_WARN_INT_CONVERSION = YES;
				CLANG_WARN_NON_LITERAL_NULL_CONVERSION = YES;
				CLANG_WARN_OBJC_IMPLICIT_RETAIN_SELF = YES;
				CLANG_WARN_OBJC_LITERAL_CONVERSION = YES;
				CLANG_WARN_OBJC_ROOT_CLASS = YES_ERROR;
				CLANG_WARN_QUOTED_INCLUDE_IN_FRAMEWORK_HEADER = YES;
				CLANG_WARN_RANGE_LOOP_ANALYSIS = YES;
				CLANG_WARN_STRICT_PROTOTYPES = YES;
				CLANG_WARN_SUSPICIOUS_MOVE = YES;
				CLANG_WARN_UNGUARDED_AVAILABILITY = YES_AGGRESSIVE;
				CLANG_WARN_UNREACHABLE_CODE = YES;
				CLANG_WARN__DUPLICATE_METHOD_MATCH = YES;
				COPY_PHASE_STRIP = NO;
				DEBUG_INFORMATION_FORMAT = dwarf;
				ENABLE_DEBUG_DYLIB = NO;
				ENABLE_STRICT_OBJC_MSGSEND = YES;
				ENABLE_TESTABILITY = YES;
				ENABLE_USER_SCRIPT_SANDBOXING = YES;
				GCC_C_LANGUAGE_STANDARD = gnu17;
				GCC_DYNAMIC_NO_PIC = NO;
				GCC_NO_COMMON_BLOCKS = YES;
				GCC_OPTIMIZATION_LEVEL = 0;
				GCC_PREPROCESSOR_DEFINITIONS = (
					"DEBUG=1",
					"$(inherited)",
				);
				GCC_WARN_64_TO_32_BIT_CONVERSION = YES;
				GCC_WARN_ABOUT_RETURN_TYPE = YES_ERROR;
				GCC_WARN_UNDECLARED_SELECTOR = YES;
				GCC_WARN_UNINITIALIZED_AUTOS = YES_AGGRESSIVE;
				GCC_WARN_UNUSED_FUNCTION = YES;
				GCC_WARN_UNUSED_VARIABLE = YES;
				IPHONEOS_DEPLOYMENT_TARGET = 26.0;
				LOCALIZATION_PREFERS_STRING_CATALOGS = YES;
				MTL_ENABLE_DEBUG_INFO = INCLUDE_SOURCE;
				MTL_FAST_MATH = YES;
				ONLY_ACTIVE_ARCH = YES;
				SDKROOT = iphoneos;
				SWIFT_ACTIVE_COMPILATION_CONDITIONS = "DEBUG $(inherited)";
				SWIFT_APPROACHABLE_CONCURRENCY = YES;
				SWIFT_DEFAULT_ACTOR_ISOLATION = nonisolated;
				SWIFT_OPTIMIZATION_LEVEL = "-Onone";
				SWIFT_STRICT_CONCURRENCY = complete;
				SWIFT_UPCOMING_FEATURE_MEMBER_IMPORT_VISIBILITY = YES;
				SWIFT_VERSION = 6.0;
				VORY_PUSH_RELAY_URL = "";
			};
			name = Debug;
		};
		AA000000000000000000B1 /* Release */ = {
			isa = XCBuildConfiguration;
			buildSettings = {
				ALWAYS_SEARCH_USER_PATHS = NO;
				ASSETCATALOG_COMPILER_GENERATE_SWIFT_ASSET_SYMBOL_EXTENSIONS = YES;
				CLANG_ANALYZER_NONNULL = YES;
				CLANG_ANALYZER_NUMBER_OBJECT_CONVERSION = YES_AGGRESSIVE;
				CLANG_CXX_LANGUAGE_STANDARD = "gnu++20";
				CLANG_ENABLE_MODULES = YES;
				CLANG_ENABLE_OBJC_ARC = YES;
				CLANG_ENABLE_OBJC_WEAK = YES;
				CLANG_WARN_BLOCK_CAPTURE_AUTORELEASING = YES;
				CLANG_WARN_BOOL_CONVERSION = YES;
				CLANG_WARN_COMMA = YES;
				CLANG_WARN_CONSTANT_CONVERSION = YES;
				CLANG_WARN_DEPRECATED_OBJC_IMPLEMENTATIONS = YES;
				CLANG_WARN_DIRECT_OBJC_ISA_USAGE = YES_ERROR;
				CLANG_WARN_DOCUMENTATION_COMMENTS = YES;
				CLANG_WARN_EMPTY_BODY = YES;
				CLANG_WARN_ENUM_CONVERSION = YES;
				CLANG_WARN_INFINITE_RECURSION = YES;
				CLANG_WARN_INT_CONVERSION = YES;
				CLANG_WARN_NON_LITERAL_NULL_CONVERSION = YES;
				CLANG_WARN_OBJC_IMPLICIT_RETAIN_SELF = YES;
				CLANG_WARN_OBJC_LITERAL_CONVERSION = YES;
				CLANG_WARN_OBJC_ROOT_CLASS = YES_ERROR;
				CLANG_WARN_QUOTED_INCLUDE_IN_FRAMEWORK_HEADER = YES;
				CLANG_WARN_RANGE_LOOP_ANALYSIS = YES;
				CLANG_WARN_STRICT_PROTOTYPES = YES;
				CLANG_WARN_SUSPICIOUS_MOVE = YES;
				CLANG_WARN_UNGUARDED_AVAILABILITY = YES_AGGRESSIVE;
				CLANG_WARN_UNREACHABLE_CODE = YES;
				CLANG_WARN__DUPLICATE_METHOD_MATCH = YES;
				COPY_PHASE_STRIP = NO;
				DEBUG_INFORMATION_FORMAT = "dwarf-with-dsym";
				ENABLE_NS_ASSERTIONS = NO;
				ENABLE_STRICT_OBJC_MSGSEND = YES;
				ENABLE_USER_SCRIPT_SANDBOXING = YES;
				GCC_C_LANGUAGE_STANDARD = gnu17;
				GCC_NO_COMMON_BLOCKS = YES;
				GCC_WARN_64_TO_32_BIT_CONVERSION = YES;
				GCC_WARN_ABOUT_RETURN_TYPE = YES_ERROR;
				GCC_WARN_UNDECLARED_SELECTOR = YES;
				GCC_WARN_UNINITIALIZED_AUTOS = YES_AGGRESSIVE;
				GCC_WARN_UNUSED_FUNCTION = YES;
				GCC_WARN_UNUSED_VARIABLE = YES;
				IPHONEOS_DEPLOYMENT_TARGET = 26.0;
				LOCALIZATION_PREFERS_STRING_CATALOGS = YES;
				MTL_ENABLE_DEBUG_INFO = NO;
				MTL_FAST_MATH = YES;
				SDKROOT = iphoneos;
				SWIFT_APPROACHABLE_CONCURRENCY = YES;
				SWIFT_COMPILATION_MODE = wholemodule;
				SWIFT_DEFAULT_ACTOR_ISOLATION = nonisolated;
				SWIFT_STRICT_CONCURRENCY = complete;
				SWIFT_UPCOMING_FEATURE_MEMBER_IMPORT_VISIBILITY = YES;
				SWIFT_VERSION = 6.0;
				VALIDATE_PRODUCT = YES;
				VORY_PUSH_RELAY_URL = "";
			};
			name = Release;
		};
		AA000000000000000000B2 /* Debug */ = {
			isa = XCBuildConfiguration;
			buildSettings = {
				ASSETCATALOG_COMPILER_APPICON_NAME = AppIcon;
				ASSETCATALOG_COMPILER_GLOBAL_ACCENT_COLOR_NAME = AccentColor;
				CODE_SIGN_ENTITLEMENTS = Vory/Vory.entitlements;
				CODE_SIGN_STYLE = Automatic;
				CURRENT_PROJECT_VERSION = 1;
				DEVELOPMENT_TEAM = 4PLALDQ8V8;
				ENABLE_DEBUG_DYLIB = NO;
				ENABLE_PREVIEWS = YES;
				GENERATE_INFOPLIST_FILE = NO;
				INFOPLIST_FILE = Vory/Info.plist;
				LD_RUNPATH_SEARCH_PATHS = (
					"$(inherited)",
					"@executable_path/Frameworks",
				);
				MARKETING_VERSION = 1.1;
				PRODUCT_BUNDLE_IDENTIFIER = com.vorantx.vory;
				PRODUCT_NAME = "$(TARGET_NAME)";
				SUPPORTED_PLATFORMS = "iphoneos iphonesimulator";
				SUPPORTS_MACCATALYST = NO;
				SWIFT_EMIT_LOC_STRINGS = YES;
				TARGETED_DEVICE_FAMILY = "1,2";
			};
			name = Debug;
		};
		AA000000000000000000B3 /* Release */ = {
			isa = XCBuildConfiguration;
			buildSettings = {
				ASSETCATALOG_COMPILER_APPICON_NAME = AppIcon;
				ASSETCATALOG_COMPILER_GLOBAL_ACCENT_COLOR_NAME = AccentColor;
				CODE_SIGN_ENTITLEMENTS = Vory/Vory.entitlements;
				CODE_SIGN_STYLE = Automatic;
				CURRENT_PROJECT_VERSION = 1;
				DEVELOPMENT_TEAM = 4PLALDQ8V8;
				ENABLE_PREVIEWS = YES;
				GENERATE_INFOPLIST_FILE = NO;
				INFOPLIST_FILE = Vory/Info.plist;
				LD_RUNPATH_SEARCH_PATHS = (
					"$(inherited)",
					"@executable_path/Frameworks",
				);
				MARKETING_VERSION = 1.1;
				PRODUCT_BUNDLE_IDENTIFIER = com.vorantx.vory;
				PRODUCT_NAME = "$(TARGET_NAME)";
				SUPPORTED_PLATFORMS = "iphoneos iphonesimulator";
				SUPPORTS_MACCATALYST = NO;
				SWIFT_EMIT_LOC_STRINGS = YES;
				TARGETED_DEVICE_FAMILY = "1,2";
			};
			name = Release;
		};
		AA000000000000000000B4 /* Debug */ = {
			isa = XCBuildConfiguration;
			buildSettings = {
				ASSETCATALOG_COMPILER_GLOBAL_ACCENT_COLOR_NAME = AccentColor;
				CODE_SIGN_ENTITLEMENTS = HermesLiveActivity/HermesLiveActivity.entitlements;
				CODE_SIGN_IDENTITY = "Apple Development";
				CODE_SIGN_STYLE = Automatic;
				CURRENT_PROJECT_VERSION = 1;
				DEVELOPMENT_TEAM = 4PLALDQ8V8;
				ENABLE_DEBUG_DYLIB = NO;
				GENERATE_INFOPLIST_FILE = NO;
				INFOPLIST_FILE = HermesLiveActivity/Info.plist;
				LD_RUNPATH_SEARCH_PATHS = (
					"$(inherited)",
					"@executable_path/Frameworks",
					"@executable_path/../../Frameworks",
				);
				MARKETING_VERSION = 1.1;
				PRODUCT_BUNDLE_IDENTIFIER = com.vorantx.vory.LiveActivity;
				PRODUCT_NAME = "$(TARGET_NAME)";
				PROVISIONING_PROFILE_SPECIFIER = "";
				SKIP_INSTALL = YES;
				SUPPORTED_PLATFORMS = "iphoneos iphonesimulator";
				SWIFT_EMIT_LOC_STRINGS = YES;
				TARGETED_DEVICE_FAMILY = "1,2";
			};
			name = Debug;
		};
		AA000000000000000000B5 /* Release */ = {
			isa = XCBuildConfiguration;
			buildSettings = {
				ASSETCATALOG_COMPILER_GLOBAL_ACCENT_COLOR_NAME = AccentColor;
				CODE_SIGN_ENTITLEMENTS = HermesLiveActivity/HermesLiveActivity.entitlements;
				CODE_SIGN_IDENTITY = "Apple Development";
				CODE_SIGN_STYLE = Automatic;
				CURRENT_PROJECT_VERSION = 1;
				DEVELOPMENT_TEAM = 4PLALDQ8V8;
				GENERATE_INFOPLIST_FILE = NO;
				INFOPLIST_FILE = HermesLiveActivity/Info.plist;
				LD_RUNPATH_SEARCH_PATHS = (
					"$(inherited)",
					"@executable_path/Frameworks",
					"@executable_path/../../Frameworks",
				);
				MARKETING_VERSION = 1.1;
				PRODUCT_BUNDLE_IDENTIFIER = com.vorantx.vory.LiveActivity;
				PRODUCT_NAME = "$(TARGET_NAME)";
				PROVISIONING_PROFILE_SPECIFIER = "";
				SKIP_INSTALL = YES;
				SUPPORTED_PLATFORMS = "iphoneos iphonesimulator";
				SWIFT_EMIT_LOC_STRINGS = YES;
				TARGETED_DEVICE_FAMILY = "1,2";
			};
			name = Release;
		};
		AA000000000000000000B6 /* Debug */ = {
			isa = XCBuildConfiguration;
			buildSettings = {
				BUNDLE_LOADER = "$(TEST_HOST)";
				CODE_SIGN_STYLE = Automatic;
				CURRENT_PROJECT_VERSION = 1;
				DEVELOPMENT_TEAM = 4PLALDQ8V8;
				ENABLE_DEBUG_DYLIB = NO;
				GENERATE_INFOPLIST_FILE = YES;
				MARKETING_VERSION = 1.1;
				PRODUCT_BUNDLE_IDENTIFIER = com.vorantx.vory.tests;
				PRODUCT_NAME = "$(TARGET_NAME)";
				SUPPORTED_PLATFORMS = "iphoneos iphonesimulator";
				SWIFT_EMIT_LOC_STRINGS = NO;
				TARGETED_DEVICE_FAMILY = "1,2";
				TEST_HOST = "$(BUILT_PRODUCTS_DIR)/Vory.app/$(BUNDLE_EXECUTABLE_FOLDER_PATH)/Vory";
			};
			name = Debug;
		};
		AA000000000000000000B7 /* Release */ = {
			isa = XCBuildConfiguration;
			buildSettings = {
				BUNDLE_LOADER = "$(TEST_HOST)";
				CODE_SIGN_STYLE = Automatic;
				CURRENT_PROJECT_VERSION = 1;
				DEVELOPMENT_TEAM = 4PLALDQ8V8;
				GENERATE_INFOPLIST_FILE = YES;
				MARKETING_VERSION = 1.1;
				PRODUCT_BUNDLE_IDENTIFIER = com.vorantx.vory.tests;
				PRODUCT_NAME = "$(TARGET_NAME)";
				SUPPORTED_PLATFORMS = "iphoneos iphonesimulator";
				SWIFT_EMIT_LOC_STRINGS = NO;
				TARGETED_DEVICE_FAMILY = "1,2";
				TEST_HOST = "$(BUILT_PRODUCTS_DIR)/Vory.app/$(BUNDLE_EXECUTABLE_FOLDER_PATH)/Vory";
			};
			name = Release;
		};
		AA000000000000000000B8 /* Debug */ = {
			isa = XCBuildConfiguration;
			buildSettings = {
				CODE_SIGN_STYLE = Automatic;
				CURRENT_PROJECT_VERSION = 1;
				DEVELOPMENT_TEAM = 4PLALDQ8V8;
				ENABLE_DEBUG_DYLIB = NO;
				GENERATE_INFOPLIST_FILE = YES;
				MARKETING_VERSION = 1.1;
				PRODUCT_BUNDLE_IDENTIFIER = com.vorantx.vory.uitests;
				PRODUCT_NAME = "$(TARGET_NAME)";
				SUPPORTED_PLATFORMS = "iphoneos iphonesimulator";
				SWIFT_EMIT_LOC_STRINGS = NO;
				TARGETED_DEVICE_FAMILY = "1,2";
				TEST_TARGET_NAME = Vory;
			};
			name = Debug;
		};
		AA000000000000000000B9 /* Release */ = {
			isa = XCBuildConfiguration;
			buildSettings = {
				CODE_SIGN_STYLE = Automatic;
				CURRENT_PROJECT_VERSION = 1;
				DEVELOPMENT_TEAM = 4PLALDQ8V8;
				GENERATE_INFOPLIST_FILE = YES;
				MARKETING_VERSION = 1.1;
				PRODUCT_BUNDLE_IDENTIFIER = com.vorantx.vory.uitests;
				PRODUCT_NAME = "$(TARGET_NAME)";
				SUPPORTED_PLATFORMS = "iphoneos iphonesimulator";
				SWIFT_EMIT_LOC_STRINGS = NO;
				TARGETED_DEVICE_FAMILY = "1,2";
				TEST_TARGET_NAME = Vory;
			};
			name = Release;
		};
		AA000000000000000000F2 /* Debug */ = {
			isa = XCBuildConfiguration;
			buildSettings = {
				ASSETCATALOG_COMPILER_APPICON_NAME = AppIcon;
				ASSETCATALOG_COMPILER_GLOBAL_ACCENT_COLOR_NAME = AccentColor;
				CODE_SIGN_ENTITLEMENTS = VoryWatch/VoryWatch.entitlements;
				CODE_SIGN_STYLE = Automatic;
				CURRENT_PROJECT_VERSION = 1;
				DEVELOPMENT_TEAM = 4PLALDQ8V8;
				ENABLE_DEBUG_DYLIB = NO;
				ENABLE_PREVIEWS = YES;
				GENERATE_INFOPLIST_FILE = NO;
				INFOPLIST_FILE = VoryWatch/Info.plist;
				LD_RUNPATH_SEARCH_PATHS = (
					"$(inherited)",
					"@executable_path/Frameworks",
				);
				MARKETING_VERSION = 1.1;
				PRODUCT_BUNDLE_IDENTIFIER = com.vorantx.vory.watchkitapp;
				PRODUCT_NAME = "$(TARGET_NAME)";
				SDKROOT = watchos;
				SKIP_INSTALL = YES;
				SUPPORTED_PLATFORMS = "watchos watchsimulator";
				SWIFT_EMIT_LOC_STRINGS = YES;
				TARGETED_DEVICE_FAMILY = 4;
				WATCHOS_DEPLOYMENT_TARGET = 26.0;
			};
			name = Debug;
		};
		AA000000000000000000F3 /* Release */ = {
			isa = XCBuildConfiguration;
			buildSettings = {
				ASSETCATALOG_COMPILER_APPICON_NAME = AppIcon;
				ASSETCATALOG_COMPILER_GLOBAL_ACCENT_COLOR_NAME = AccentColor;
				CODE_SIGN_ENTITLEMENTS = VoryWatch/VoryWatch.entitlements;
				CODE_SIGN_STYLE = Automatic;
				CURRENT_PROJECT_VERSION = 1;
				DEVELOPMENT_TEAM = 4PLALDQ8V8;
				ENABLE_PREVIEWS = YES;
				GENERATE_INFOPLIST_FILE = NO;
				INFOPLIST_FILE = VoryWatch/Info.plist;
				LD_RUNPATH_SEARCH_PATHS = (
					"$(inherited)",
					"@executable_path/Frameworks",
				);
				MARKETING_VERSION = 1.1;
				PRODUCT_BUNDLE_IDENTIFIER = com.vorantx.vory.watchkitapp;
				PRODUCT_NAME = "$(TARGET_NAME)";
				SDKROOT = watchos;
				SKIP_INSTALL = YES;
				SUPPORTED_PLATFORMS = "watchos watchsimulator";
				SWIFT_EMIT_LOC_STRINGS = YES;
				TARGETED_DEVICE_FAMILY = 4;
				WATCHOS_DEPLOYMENT_TARGET = 26.0;
			};
			name = Release;
		};
		AA000000000000000000F4 /* Debug */ = {
			isa = XCBuildConfiguration;
			buildSettings = {
				ASSETCATALOG_COMPILER_GLOBAL_ACCENT_COLOR_NAME = AccentColor;
				CODE_SIGN_ENTITLEMENTS = VoryWatchComplications/VoryWatchComplications.entitlements;
				CODE_SIGN_STYLE = Automatic;
				CURRENT_PROJECT_VERSION = 1;
				DEVELOPMENT_TEAM = 4PLALDQ8V8;
				ENABLE_DEBUG_DYLIB = NO;
				GENERATE_INFOPLIST_FILE = NO;
				INFOPLIST_FILE = VoryWatchComplications/Info.plist;
				LD_RUNPATH_SEARCH_PATHS = (
					"$(inherited)",
					"@executable_path/Frameworks",
					"@executable_path/../../Frameworks",
				);
				MARKETING_VERSION = 1.1;
				PRODUCT_BUNDLE_IDENTIFIER = com.vorantx.vory.watchkitapp.complications;
				PRODUCT_NAME = "$(TARGET_NAME)";
				SDKROOT = watchos;
				SKIP_INSTALL = YES;
				SUPPORTED_PLATFORMS = "watchos watchsimulator";
				SWIFT_EMIT_LOC_STRINGS = YES;
				TARGETED_DEVICE_FAMILY = 4;
				WATCHOS_DEPLOYMENT_TARGET = 26.0;
			};
			name = Debug;
		};
		AA000000000000000000F5 /* Release */ = {
			isa = XCBuildConfiguration;
			buildSettings = {
				ASSETCATALOG_COMPILER_GLOBAL_ACCENT_COLOR_NAME = AccentColor;
				CODE_SIGN_ENTITLEMENTS = VoryWatchComplications/VoryWatchComplications.entitlements;
				CODE_SIGN_STYLE = Automatic;
				CURRENT_PROJECT_VERSION = 1;
				DEVELOPMENT_TEAM = 4PLALDQ8V8;
				GENERATE_INFOPLIST_FILE = NO;
				INFOPLIST_FILE = VoryWatchComplications/Info.plist;
				LD_RUNPATH_SEARCH_PATHS = (
					"$(inherited)",
					"@executable_path/Frameworks",
					"@executable_path/../../Frameworks",
				);
				MARKETING_VERSION = 1.1;
				PRODUCT_BUNDLE_IDENTIFIER = com.vorantx.vory.watchkitapp.complications;
				PRODUCT_NAME = "$(TARGET_NAME)";
				SDKROOT = watchos;
				SKIP_INSTALL = YES;
				SUPPORTED_PLATFORMS = "watchos watchsimulator";
				SWIFT_EMIT_LOC_STRINGS = YES;
				TARGETED_DEVICE_FAMILY = 4;
				WATCHOS_DEPLOYMENT_TARGET = 26.0;
			};
			name = Release;
		};
		AA00000000000000000113 /* Debug */ = {
			isa = XCBuildConfiguration;
			buildSettings = {
				CODE_SIGN_ENTITLEMENTS = VoryNotificationService/VoryNotificationService.entitlements;
				CODE_SIGN_STYLE = Automatic;
				CURRENT_PROJECT_VERSION = 1;
				DEVELOPMENT_TEAM = 4PLALDQ8V8;
				ENABLE_DEBUG_DYLIB = NO;
				GENERATE_INFOPLIST_FILE = NO;
				INFOPLIST_FILE = VoryNotificationService/Info.plist;
				LD_RUNPATH_SEARCH_PATHS = (
					"$(inherited)",
					"@executable_path/Frameworks",
					"@executable_path/../../Frameworks",
				);
				MARKETING_VERSION = 1.1;
				PRODUCT_BUNDLE_IDENTIFIER = com.vorantx.vory.notifications;
				PRODUCT_NAME = "$(TARGET_NAME)";
				SKIP_INSTALL = YES;
				SUPPORTED_PLATFORMS = "iphoneos iphonesimulator";
				SWIFT_EMIT_LOC_STRINGS = YES;
				TARGETED_DEVICE_FAMILY = "1,2";
			};
			name = Debug;
		};
		AA00000000000000000114 /* Release */ = {
			isa = XCBuildConfiguration;
			buildSettings = {
				CODE_SIGN_ENTITLEMENTS = VoryNotificationService/VoryNotificationService.entitlements;
				CODE_SIGN_STYLE = Automatic;
				CURRENT_PROJECT_VERSION = 1;
				DEVELOPMENT_TEAM = 4PLALDQ8V8;
				GENERATE_INFOPLIST_FILE = NO;
				INFOPLIST_FILE = VoryNotificationService/Info.plist;
				LD_RUNPATH_SEARCH_PATHS = (
					"$(inherited)",
					"@executable_path/Frameworks",
					"@executable_path/../../Frameworks",
				);
				MARKETING_VERSION = 1.1;
				PRODUCT_BUNDLE_IDENTIFIER = com.vorantx.vory.notifications;
				PRODUCT_NAME = "$(TARGET_NAME)";
				SKIP_INSTALL = YES;
				SUPPORTED_PLATFORMS = "iphoneos iphonesimulator";
				SWIFT_EMIT_LOC_STRINGS = YES;
				TARGETED_DEVICE_FAMILY = "1,2";
			};
			name = Release;
		};
		AA0000000000000000012C /* Debug */ = {
			isa = XCBuildConfiguration;
			buildSettings = {
				CODE_SIGN_ENTITLEMENTS = VoryNotificationContent/VoryNotificationContent.entitlements;
				CODE_SIGN_STYLE = Automatic;
				CURRENT_PROJECT_VERSION = 1;
				DEVELOPMENT_TEAM = 4PLALDQ8V8;
				ENABLE_DEBUG_DYLIB = NO;
				GENERATE_INFOPLIST_FILE = NO;
				INFOPLIST_FILE = VoryNotificationContent/Info.plist;
				LD_RUNPATH_SEARCH_PATHS = (
					"$(inherited)",
					"@executable_path/Frameworks",
					"@executable_path/../../Frameworks",
				);
				MARKETING_VERSION = 1.1;
				OTHER_LDFLAGS = (
					"$(inherited)",
					"-framework",
					UserNotifications,
					"-framework",
					UserNotificationsUI,
				);
				PRODUCT_BUNDLE_IDENTIFIER = com.vorantx.vory.notificationcontent;
				PRODUCT_NAME = "$(TARGET_NAME)";
				SKIP_INSTALL = YES;
				SUPPORTED_PLATFORMS = "iphoneos iphonesimulator";
				SWIFT_EMIT_LOC_STRINGS = YES;
				TARGETED_DEVICE_FAMILY = "1,2";
			};
			name = Debug;
		};
		AA0000000000000000012D /* Release */ = {
			isa = XCBuildConfiguration;
			buildSettings = {
				CODE_SIGN_ENTITLEMENTS = VoryNotificationContent/VoryNotificationContent.entitlements;
				CODE_SIGN_STYLE = Automatic;
				CURRENT_PROJECT_VERSION = 1;
				DEVELOPMENT_TEAM = 4PLALDQ8V8;
				GENERATE_INFOPLIST_FILE = NO;
				INFOPLIST_FILE = VoryNotificationContent/Info.plist;
				LD_RUNPATH_SEARCH_PATHS = (
					"$(inherited)",
					"@executable_path/Frameworks",
					"@executable_path/../../Frameworks",
				);
				MARKETING_VERSION = 1.1;
				OTHER_LDFLAGS = (
					"$(inherited)",
					"-framework",
					UserNotifications,
					"-framework",
					UserNotificationsUI,
				);
				PRODUCT_BUNDLE_IDENTIFIER = com.vorantx.vory.notificationcontent;
				PRODUCT_NAME = "$(TARGET_NAME)";
				SKIP_INSTALL = YES;
				SUPPORTED_PLATFORMS = "iphoneos iphonesimulator";
				SWIFT_EMIT_LOC_STRINGS = YES;
				TARGETED_DEVICE_FAMILY = "1,2";
			};
			name = Release;
		};
		AA000000000000000002B2 /* Debug */ = {
			isa = XCBuildConfiguration;
			buildSettings = {
				ASSETCATALOG_COMPILER_APPICON_NAME = AppIcon;
				ASSETCATALOG_COMPILER_GLOBAL_ACCENT_COLOR_NAME = AccentColor;
				CODE_SIGN_ENTITLEMENTS = VoryMac/VoryMac.entitlements;
				CODE_SIGN_STYLE = Automatic;
				COMBINE_HIDPI_IMAGES = YES;
				CURRENT_PROJECT_VERSION = 1;
				DEVELOPMENT_TEAM = 4PLALDQ8V8;
				ENABLE_DEBUG_DYLIB = NO;
				ENABLE_HARDENED_RUNTIME = YES;
				ENABLE_PREVIEWS = YES;
				GENERATE_INFOPLIST_FILE = NO;
				INFOPLIST_FILE = VoryMac/Info.plist;
				LD_RUNPATH_SEARCH_PATHS = (
					"$(inherited)",
					"@executable_path/../Frameworks",
				);
				MACOSX_DEPLOYMENT_TARGET = 26.0;
				MARKETING_VERSION = 1.1;
				PRODUCT_BUNDLE_IDENTIFIER = com.vorantx.vory;
				PRODUCT_NAME = Vory;
				SDKROOT = macosx;
				SUPPORTED_PLATFORMS = macosx;
				SWIFT_EMIT_LOC_STRINGS = YES;
			};
			name = Debug;
		};
		AA000000000000000002B3 /* Release */ = {
			isa = XCBuildConfiguration;
			buildSettings = {
				ASSETCATALOG_COMPILER_APPICON_NAME = AppIcon;
				ASSETCATALOG_COMPILER_GLOBAL_ACCENT_COLOR_NAME = AccentColor;
				CODE_SIGN_ENTITLEMENTS = VoryMac/VoryMac.entitlements;
				CODE_SIGN_STYLE = Automatic;
				COMBINE_HIDPI_IMAGES = YES;
				CURRENT_PROJECT_VERSION = 1;
				DEVELOPMENT_TEAM = 4PLALDQ8V8;
				ENABLE_HARDENED_RUNTIME = YES;
				ENABLE_PREVIEWS = YES;
				GENERATE_INFOPLIST_FILE = NO;
				INFOPLIST_FILE = VoryMac/Info.plist;
				LD_RUNPATH_SEARCH_PATHS = (
					"$(inherited)",
					"@executable_path/../Frameworks",
				);
				MACOSX_DEPLOYMENT_TARGET = 26.0;
				MARKETING_VERSION = 1.1;
				PRODUCT_BUNDLE_IDENTIFIER = com.vorantx.vory;
				PRODUCT_NAME = Vory;
				SDKROOT = macosx;
				SUPPORTED_PLATFORMS = macosx;
				SWIFT_EMIT_LOC_STRINGS = YES;
			};
			name = Release;
		};
		AA000000000000000003B2 /* Debug */ = {
			isa = XCBuildConfiguration;
			buildSettings = {
				CODE_SIGN_ENTITLEMENTS = VoryMacNotificationService/VoryMacNotificationService.entitlements;
				CODE_SIGN_STYLE = Automatic;
				CURRENT_PROJECT_VERSION = 1;
				DEVELOPMENT_TEAM = 4PLALDQ8V8;
				ENABLE_DEBUG_DYLIB = NO;
				ENABLE_HARDENED_RUNTIME = YES;
				GENERATE_INFOPLIST_FILE = NO;
				INFOPLIST_FILE = VoryMacNotificationService/Info.plist;
				LD_RUNPATH_SEARCH_PATHS = (
					"$(inherited)",
					"@executable_path/../Frameworks",
					"@executable_path/../../../../Frameworks",
				);
				MACOSX_DEPLOYMENT_TARGET = 26.0;
				MARKETING_VERSION = 1.1;
				PRODUCT_BUNDLE_IDENTIFIER = com.vorantx.vory.notifications;
				PRODUCT_NAME = "$(TARGET_NAME)";
				SDKROOT = macosx;
				SKIP_INSTALL = YES;
				SUPPORTED_PLATFORMS = macosx;
				SWIFT_EMIT_LOC_STRINGS = YES;
			};
			name = Debug;
		};
		AA000000000000000003B3 /* Release */ = {
			isa = XCBuildConfiguration;
			buildSettings = {
				CODE_SIGN_ENTITLEMENTS = VoryMacNotificationService/VoryMacNotificationService.entitlements;
				CODE_SIGN_STYLE = Automatic;
				CURRENT_PROJECT_VERSION = 1;
				DEVELOPMENT_TEAM = 4PLALDQ8V8;
				ENABLE_HARDENED_RUNTIME = YES;
				GENERATE_INFOPLIST_FILE = NO;
				INFOPLIST_FILE = VoryMacNotificationService/Info.plist;
				LD_RUNPATH_SEARCH_PATHS = (
					"$(inherited)",
					"@executable_path/../Frameworks",
					"@executable_path/../../../../Frameworks",
				);
				MACOSX_DEPLOYMENT_TARGET = 26.0;
				MARKETING_VERSION = 1.1;
				PRODUCT_BUNDLE_IDENTIFIER = com.vorantx.vory.notifications;
				PRODUCT_NAME = "$(TARGET_NAME)";
				SDKROOT = macosx;
				SKIP_INSTALL = YES;
				SUPPORTED_PLATFORMS = macosx;
				SWIFT_EMIT_LOC_STRINGS = YES;
			};
			name = Release;
		};
		AA000000000000000004B2 /* Debug */ = {
			isa = XCBuildConfiguration;
			buildSettings = {
				ASSETCATALOG_COMPILER_GLOBAL_ACCENT_COLOR_NAME = AccentColor;
				CODE_SIGN_ENTITLEMENTS = VoryMacWidgets/VoryMacWidgets.entitlements;
				CODE_SIGN_STYLE = Automatic;
				CURRENT_PROJECT_VERSION = 1;
				DEVELOPMENT_TEAM = 4PLALDQ8V8;
				ENABLE_DEBUG_DYLIB = NO;
				ENABLE_HARDENED_RUNTIME = YES;
				GENERATE_INFOPLIST_FILE = NO;
				INFOPLIST_FILE = VoryMacWidgets/Info.plist;
				LD_RUNPATH_SEARCH_PATHS = (
					"$(inherited)",
					"@executable_path/../Frameworks",
					"@executable_path/../../../../Frameworks",
				);
				MACOSX_DEPLOYMENT_TARGET = 26.0;
				MARKETING_VERSION = 1.1;
				PRODUCT_BUNDLE_IDENTIFIER = com.vorantx.vory.widgets;
				PRODUCT_NAME = "$(TARGET_NAME)";
				SDKROOT = macosx;
				SKIP_INSTALL = YES;
				SUPPORTED_PLATFORMS = macosx;
				SWIFT_EMIT_LOC_STRINGS = YES;
			};
			name = Debug;
		};
		AA000000000000000004B3 /* Release */ = {
			isa = XCBuildConfiguration;
			buildSettings = {
				ASSETCATALOG_COMPILER_GLOBAL_ACCENT_COLOR_NAME = AccentColor;
				CODE_SIGN_ENTITLEMENTS = VoryMacWidgets/VoryMacWidgets.entitlements;
				CODE_SIGN_STYLE = Automatic;
				CURRENT_PROJECT_VERSION = 1;
				DEVELOPMENT_TEAM = 4PLALDQ8V8;
				ENABLE_HARDENED_RUNTIME = YES;
				GENERATE_INFOPLIST_FILE = NO;
				INFOPLIST_FILE = VoryMacWidgets/Info.plist;
				LD_RUNPATH_SEARCH_PATHS = (
					"$(inherited)",
					"@executable_path/../Frameworks",
					"@executable_path/../../../../Frameworks",
				);
				MACOSX_DEPLOYMENT_TARGET = 26.0;
				MARKETING_VERSION = 1.1;
				PRODUCT_BUNDLE_IDENTIFIER = com.vorantx.vory.widgets;
				PRODUCT_NAME = "$(TARGET_NAME)";
				SDKROOT = macosx;
				SKIP_INSTALL = YES;
				SUPPORTED_PLATFORMS = macosx;
				SWIFT_EMIT_LOC_STRINGS = YES;
			};
			name = Release;
		};
		AA000000000000000005B6 /* Debug */ = {
			isa = XCBuildConfiguration;
			buildSettings = {
				BUNDLE_LOADER = "$(TEST_HOST)";
				CODE_SIGN_STYLE = Automatic;
				CURRENT_PROJECT_VERSION = 1;
				DEVELOPMENT_TEAM = 4PLALDQ8V8;
				ENABLE_DEBUG_DYLIB = NO;
				GENERATE_INFOPLIST_FILE = YES;
				MACOSX_DEPLOYMENT_TARGET = 26.0;
				MARKETING_VERSION = 1.1;
				PRODUCT_BUNDLE_IDENTIFIER = com.vorantx.vory.mactests;
				PRODUCT_NAME = "$(TARGET_NAME)";
				SDKROOT = macosx;
				SUPPORTED_PLATFORMS = macosx;
				SWIFT_EMIT_LOC_STRINGS = NO;
				TEST_HOST = "$(BUILT_PRODUCTS_DIR)/Vory.app/Contents/MacOS/Vory";
			};
			name = Debug;
		};
		AA000000000000000005B7 /* Release */ = {
			isa = XCBuildConfiguration;
			buildSettings = {
				BUNDLE_LOADER = "$(TEST_HOST)";
				CODE_SIGN_STYLE = Automatic;
				CURRENT_PROJECT_VERSION = 1;
				DEVELOPMENT_TEAM = 4PLALDQ8V8;
				ENABLE_DEBUG_DYLIB = NO;
				GENERATE_INFOPLIST_FILE = YES;
				MACOSX_DEPLOYMENT_TARGET = 26.0;
				MARKETING_VERSION = 1.1;
				PRODUCT_BUNDLE_IDENTIFIER = com.vorantx.vory.mactests;
				PRODUCT_NAME = "$(TARGET_NAME)";
				SDKROOT = macosx;
				SUPPORTED_PLATFORMS = macosx;
				SWIFT_EMIT_LOC_STRINGS = NO;
				TEST_HOST = "$(BUILT_PRODUCTS_DIR)/Vory.app/Contents/MacOS/Vory";
			};
			name = Release;
		};
/* End XCBuildConfiguration section */

/* Begin XCConfigurationList section */
		AA00000000000000000080 /* Build configuration list for PBXNativeTarget "Vory" */ = {
			isa = XCConfigurationList;
			buildConfigurations = (
				AA000000000000000000B2 /* Debug */,
				AA000000000000000000B3 /* Release */,
			);
			defaultConfigurationIsVisible = 0;
			defaultConfigurationName = Release;
		};
		AA00000000000000000081 /* Build configuration list for PBXProject "Vory" */ = {
			isa = XCConfigurationList;
			buildConfigurations = (
				AA000000000000000000B0 /* Debug */,
				AA000000000000000000B1 /* Release */,
			);
			defaultConfigurationIsVisible = 0;
			defaultConfigurationName = Release;
		};
		AA00000000000000000082 /* Build configuration list for PBXNativeTarget "HermesLiveActivity" */ = {
			isa = XCConfigurationList;
			buildConfigurations = (
				AA000000000000000000B4 /* Debug */,
				AA000000000000000000B5 /* Release */,
			);
			defaultConfigurationIsVisible = 0;
			defaultConfigurationName = Release;
		};
		AA00000000000000000083 /* Build configuration list for PBXNativeTarget "VoryTests" */ = {
			isa = XCConfigurationList;
			buildConfigurations = (
				AA000000000000000000B6 /* Debug */,
				AA000000000000000000B7 /* Release */,
			);
			defaultConfigurationIsVisible = 0;
			defaultConfigurationName = Release;
		};
		AA00000000000000000084 /* Build configuration list for PBXNativeTarget "VoryUITests" */ = {
			isa = XCConfigurationList;
			buildConfigurations = (
				AA000000000000000000B8 /* Debug */,
				AA000000000000000000B9 /* Release */,
			);
			defaultConfigurationIsVisible = 0;
			defaultConfigurationName = Release;
		};
		AA000000000000000000F0 /* Build configuration list for PBXNativeTarget "VoryWatch" */ = {
			isa = XCConfigurationList;
			buildConfigurations = (
				AA000000000000000000F2 /* Debug */,
				AA000000000000000000F3 /* Release */,
			);
			defaultConfigurationIsVisible = 0;
			defaultConfigurationName = Release;
		};
		AA000000000000000000F1 /* Build configuration list for PBXNativeTarget "VoryWatchComplications" */ = {
			isa = XCConfigurationList;
			buildConfigurations = (
				AA000000000000000000F4 /* Debug */,
				AA000000000000000000F5 /* Release */,
			);
			defaultConfigurationIsVisible = 0;
			defaultConfigurationName = Release;
		};
		AA00000000000000000112 /* Build configuration list for PBXNativeTarget "VoryNotificationService" */ = {
			isa = XCConfigurationList;
			buildConfigurations = (
				AA00000000000000000113 /* Debug */,
				AA00000000000000000114 /* Release */,
			);
			defaultConfigurationIsVisible = 0;
			defaultConfigurationName = Release;
		};
		AA0000000000000000012B /* Build configuration list for PBXNativeTarget "VoryNotificationContent" */ = {
			isa = XCConfigurationList;
			buildConfigurations = (
				AA0000000000000000012C /* Debug */,
				AA0000000000000000012D /* Release */,
			);
			defaultConfigurationIsVisible = 0;
			defaultConfigurationName = Release;
		};
		AA00000000000000000280 /* Build configuration list for PBXNativeTarget "VoryMac" */ = {
			isa = XCConfigurationList;
			buildConfigurations = (
				AA000000000000000002B2 /* Debug */,
				AA000000000000000002B3 /* Release */,
			);
			defaultConfigurationIsVisible = 0;
			defaultConfigurationName = Release;
		};
		AA00000000000000000380 /* Build configuration list for PBXNativeTarget "VoryMacNotificationService" */ = {
			isa = XCConfigurationList;
			buildConfigurations = (
				AA000000000000000003B2 /* Debug */,
				AA000000000000000003B3 /* Release */,
			);
			defaultConfigurationIsVisible = 0;
			defaultConfigurationName = Release;
		};
		AA00000000000000000480 /* Build configuration list for PBXNativeTarget "VoryMacWidgets" */ = {
			isa = XCConfigurationList;
			buildConfigurations = (
				AA000000000000000004B2 /* Debug */,
				AA000000000000000004B3 /* Release */,
			);
			defaultConfigurationIsVisible = 0;
			defaultConfigurationName = Release;
		};
		AA00000000000000000583 /* Build configuration list for PBXNativeTarget "VoryMacTests" */ = {
			isa = XCConfigurationList;
			buildConfigurations = (
				AA000000000000000005B6 /* Debug */,
				AA000000000000000005B7 /* Release */,
			);
			defaultConfigurationIsVisible = 0;
			defaultConfigurationName = Release;
		};
/* End XCConfigurationList section */

/* Begin XCLocalSwiftPackageReference section */
		AA000000000000000000C0 /* XCLocalSwiftPackageReference "Packages/VoryCore" */ = {
			isa = XCLocalSwiftPackageReference;
			relativePath = Packages/VoryCore;
		};
/* End XCLocalSwiftPackageReference section */

/* Begin XCSwiftPackageProductDependency section */
		AA000000000000000000C1 /* VoryCore */ = {
			isa = XCSwiftPackageProductDependency;
			productName = VoryCore;
		};
		AA000000000000000000C2 /* VoryCore */ = {
			isa = XCSwiftPackageProductDependency;
			productName = VoryCore;
		};
		AA000000000000000000D5 /* VoryCore */ = {
			isa = XCSwiftPackageProductDependency;
			productName = VoryCore;
		};
		AA000000000000000000D7 /* VoryCore */ = {
			isa = XCSwiftPackageProductDependency;
			productName = VoryCore;
		};
		AA000000000000000000D9 /* VoryCore */ = {
			isa = XCSwiftPackageProductDependency;
			productName = VoryCore;
		};
		AA00000000000000000103 /* VoryCore */ = {
			isa = XCSwiftPackageProductDependency;
			productName = VoryCore;
		};
		AA00000000000000000129 /* VoryCore */ = {
			isa = XCSwiftPackageProductDependency;
			productName = VoryCore;
		};
		AA00000000000000000201 /* VoryCore */ = {
			isa = XCSwiftPackageProductDependency;
			productName = VoryCore;
		};
		AA00000000000000000301 /* VoryCore */ = {
			isa = XCSwiftPackageProductDependency;
			productName = VoryCore;
		};
		AA00000000000000000401 /* VoryCore */ = {
			isa = XCSwiftPackageProductDependency;
			productName = VoryCore;
		};
		AA00000000000000000502 /* VoryCore */ = {
			isa = XCSwiftPackageProductDependency;
			productName = VoryCore;
		};
/* End XCSwiftPackageProductDependency section */
	};
	rootObject = AA00000000000000000001 /* Project object */;
}
